
Microsoft Visual Studio Solution File, Format Version 12.00
# Visual Studio Version 17
VisualStudioVersion = 17.9.34622.214
MinimumVisualStudioVersion = 10.0.40219.1
Project("{9A19103F-16F7-4668-BE54-9A1E7A4F7556}") = "FullstackOpdracht", "FullstackOpdracht\FullstackOpdracht.csproj", "{8BE7A44C-C847-4B03-94EE-A5B763E973A1}"
EndProject
Project("{9A19103F-16F7-4668-BE54-9A1E7A4F7556}") = "FullstackOpdracht.Domains", "FullstackOpdracht.Domains\FullstackOpdracht.Domains.csproj", "{E738AC6E-4AE1-4368-9E2E-CFEBCD6F01EE}"
EndProject
Project("{9A19103F-16F7-4668-BE54-9A1E7A4F7556}") = "FullstackOpdracht.Repositories", "FullstackOpdracht.Repositories\FullstackOpdracht.Repositories.csproj", "{84EF8C18-34DE-4938-8001-63F655738798}"
EndProject
Project("{9A19103F-16F7-4668-BE54-9A1E7A4F7556}") = "FullstackOpdracht.Services", "FullstackOpdracht.Services\FullstackOpdracht.Services.csproj", "{CF92D94E-73A0-4DE9-87C1-263E382E4009}"
EndProject
Project("{9A19103F-16F7-4668-BE54-9A1E7A4F7556}") = "FullstackOpdracht.Util", "FullstackOpdracht.Util\FullstackOpdracht.Util.csproj", "{E10CCB37-E8D8-4D00-99F2-82A219165C54}"
EndProject
Global
	GlobalSection(SolutionConfigurationPlatforms) = preSolution
		Debug|Any CPU = Debug|Any CPU
		Release|Any CPU = Release|Any CPU
	EndGlobalSection
	GlobalSection(ProjectConfigurationPlatforms) = postSolution
		{8BE7A44C-C847-4B03-94EE-A5B763E973A1}.Debug|Any CPU.ActiveCfg = Debug|Any CPU
		{8BE7A44C-C847-4B03-94EE-A5B763E973A1}.Debug|Any CPU.Build.0 = Debug|Any CPU
		{8BE7A44C-C847-4B03-94EE-A5B763E973A1}.Release|Any CPU.ActiveCfg = Release|Any CPU
		{8BE7A44C-C847-4B03-94EE-A5B763E973A1}.Release|Any CPU.Build.0 = Release|Any CPU
		{E738AC6E-4AE1-4368-9E2E-CFEBCD6F01EE}.Debug|Any CPU.ActiveCfg = Debug|Any CPU
		{E738AC6E-4AE1-4368-9E2E-CFEBCD6F01EE}.Debug|Any CPU.Build.0 = Debug|Any CPU
		{E738AC6E-4AE1-4368-9E2E-CFEBCD6F01EE}.Release|Any CPU.ActiveCfg = Release|Any CPU
		{E738AC6E-4AE1-4368-9E2E-CFEBCD6F01EE}.Release|Any CPU.Build.0 = Release|Any CPU
		{84EF8C18-34DE-4938-8001-63F655738798}.Debug|Any CPU.ActiveCfg = Debug|Any CPU
		{84EF8C18-34DE-4938-8001-63F655738798}.Debug|Any CPU.Build.0 = Debug|Any CPU
		{84EF8C18-34DE-4938-8001-63F655738798}.Release|Any CPU.ActiveCfg = Release|Any CPU
		{84EF8C18-34DE-4938-8001-63F655738798}.Release|Any CPU.Build.0 = Release|Any CPU
		{CF92D94E-73A0-4DE9-87C1-263E382E4009}.Debug|Any CPU.ActiveCfg = Debug|Any CPU
		{CF92D94E-73A0-4DE9-87C1-263E382E4009}.Debug|Any CPU.Build.0 = Debug|Any CPU
		{CF92D94E-73A0-4DE9-87C1-263E382E4009}.Release|Any CPU.ActiveCfg = Release|Any CPU
		{CF92D94E-73A0-4DE9-87C1-263E382E4009}.Release|Any CPU.Build.0 = Release|Any CPU
		{E10CCB37-E8D8-4D00-99F2-82A219165C54}.Debug|Any CPU.ActiveCfg = Debug|Any CPU
		{E10CCB37-E8D8-4D00-99F2-82A219165C54}.Debug|Any CPU.Build.0 = Debug|Any CPU
		{E10CCB37-E8D8-4D00-99F2-82A219165C54}.Release|Any CPU.ActiveCfg = Release|Any CPU
		{E10CCB37-E8D8-4D00-99F2-82A219165C54}.Release|Any CPU.Build.0 = Release|Any CPU
	EndGlobalSection
	GlobalSection(SolutionProperties) = preSolution
		HideSolutionNode = FALSE
	EndGlobalSection
	GlobalSection(ExtensibilityGlobals) = postSolution
		SolutionGuid = {09AD1FF8-7FE9-4FDF-9B05-35FB4B190D70}
	EndGlobalSection
EndGlobal
